# This file is automatically @generated by Cargo.
# It is not intended for manual editing.
version = 3

[[package]]
name = "bpaf"
version = "0.7.7"
source = "registry+https://github.com/rust-lang/crates.io-index"
checksum = "0e95b1464dea6edc21be413bf260662aef39490e150455ae3760019738600b4f"

[[package]]
name = "todo"
version = "0.1.0"
dependencies = [
 "bpaf",
]
