# This file is automatically @generated by Cargo.
# It is not intended for manual editing.
version = 3

[[package]]
name = "bpaf"
version = "0.8.0"
source = "registry+https://github.com/rust-lang/crates.io-index"
checksum = "7ae5e130595d17ed4f7061317c2792ba94dc7754de93012c6d4c7191eb5d6c4b"

[[package]]
name = "todo"
version = "0.1.0"
dependencies = [
 "bpaf",
]
